
Microsoft Visual Studio Solution File, Format Version 12.00
# Visual Studio Version 17
VisualStudioVersion = 17.11.35327.3
MinimumVisualStudioVersion = 10.0.40219.1
Project("{FAE04EC0-301F-11D3-BF4B-00C04F79EFBC}") = "Assignment1_3_2", "Assignment1_3_2.csproj", "{E22015D0-E3BD-4A02-A338-63505E716A3E}"
EndProject
Global
	GlobalSection(SolutionConfigurationPlatforms) = preSolution
		Debug|Any CPU = Debug|Any CPU
		Release|Any CPU = Release|Any CPU
	EndGlobalSection
	GlobalSection(ProjectConfigurationPlatforms) = postSolution
		{E22015D0-E3BD-4A02-A338-63505E716A3E}.Debug|Any CPU.ActiveCfg = Debug|Any CPU
		{E22015D0-E3BD-4A02-A338-63505E716A3E}.Debug|Any CPU.Build.0 = Debug|Any CPU
		{E22015D0-E3BD-4A02-A338-63505E716A3E}.Release|Any CPU.ActiveCfg = Release|Any CPU
		{E22015D0-E3BD-4A02-A338-63505E716A3E}.Release|Any CPU.Build.0 = Release|Any CPU
	EndGlobalSection
	GlobalSection(SolutionProperties) = preSolution
		HideSolutionNode = FALSE
	EndGlobalSection
	GlobalSection(ExtensibilityGlobals) = postSolution
		SolutionGuid = {B7F7AEF0-2960-447E-86D6-660D06B8486A}
	EndGlobalSection
EndGlobal
